
Microsoft Visual Studio Solution File, Format Version 12.00
# Visual Studio Version 17
VisualStudioVersion = 17.14.36429.23
MinimumVisualStudioVersion = 10.0.40219.1
Project("{FAE04EC0-301F-11D3-BF4B-00C04F79EFBC}") = "ColorTransformer", "ColorTransformer\ColorTransformer.csproj", "{FD5C5727-AF23-41C9-98B6-40E89CD1A831}"
EndProject
Project("{FAE04EC0-301F-11D3-BF4B-00C04F79EFBC}") = "MathOperationsDispatcher", "MathOperationsDispatcher\MathOperationsDispatcher.csproj", "{915EB1F0-35E4-43CD-A25A-EF6549A2B7CF}"
EndProject
Global
	GlobalSection(SolutionConfigurationPlatforms) = preSolution
		Debug|Any CPU = Debug|Any CPU
		Release|Any CPU = Release|Any CPU
	EndGlobalSection
	GlobalSection(ProjectConfigurationPlatforms) = postSolution
		{FD5C5727-AF23-41C9-98B6-40E89CD1A831}.Debug|Any CPU.ActiveCfg = Debug|Any CPU
		{FD5C5727-AF23-41C9-98B6-40E89CD1A831}.Debug|Any CPU.Build.0 = Debug|Any CPU
		{FD5C5727-AF23-41C9-98B6-40E89CD1A831}.Release|Any CPU.ActiveCfg = Release|Any CPU
		{FD5C5727-AF23-41C9-98B6-40E89CD1A831}.Release|Any CPU.Build.0 = Release|Any CPU
		{915EB1F0-35E4-43CD-A25A-EF6549A2B7CF}.Debug|Any CPU.ActiveCfg = Debug|Any CPU
		{915EB1F0-35E4-43CD-A25A-EF6549A2B7CF}.Debug|Any CPU.Build.0 = Debug|Any CPU
		{915EB1F0-35E4-43CD-A25A-EF6549A2B7CF}.Release|Any CPU.ActiveCfg = Release|Any CPU
		{915EB1F0-35E4-43CD-A25A-EF6549A2B7CF}.Release|Any CPU.Build.0 = Release|Any CPU
	EndGlobalSection
	GlobalSection(SolutionProperties) = preSolution
		HideSolutionNode = FALSE
	EndGlobalSection
	GlobalSection(ExtensibilityGlobals) = postSolution
		SolutionGuid = {723EC770-3913-425A-B8B0-873DC50F589B}
	EndGlobalSection
EndGlobal
