
Microsoft Visual Studio Solution File, Format Version 12.00
# Visual Studio Version 17
VisualStudioVersion = 17.14.36429.23 d17.14
MinimumVisualStudioVersion = 10.0.40219.1
Project("{FAE04EC0-301F-11D3-BF4B-00C04F79EFBC}") = "BankAccount", "BankAccount\BankAccount.csproj", "{E20B22CE-1081-4681-AA38-715C82FADCDD}"
EndProject
Global
	GlobalSection(SolutionConfigurationPlatforms) = preSolution
		Debug|Any CPU = Debug|Any CPU
		Release|Any CPU = Release|Any CPU
	EndGlobalSection
	GlobalSection(ProjectConfigurationPlatforms) = postSolution
		{E20B22CE-1081-4681-AA38-715C82FADCDD}.Debug|Any CPU.ActiveCfg = Debug|Any CPU
		{E20B22CE-1081-4681-AA38-715C82FADCDD}.Debug|Any CPU.Build.0 = Debug|Any CPU
		{E20B22CE-1081-4681-AA38-715C82FADCDD}.Release|Any CPU.ActiveCfg = Release|Any CPU
		{E20B22CE-1081-4681-AA38-715C82FADCDD}.Release|Any CPU.Build.0 = Release|Any CPU
	EndGlobalSection
	GlobalSection(SolutionProperties) = preSolution
		HideSolutionNode = FALSE
	EndGlobalSection
	GlobalSection(ExtensibilityGlobals) = postSolution
		SolutionGuid = {8CA53C7F-2738-4245-98AD-B0B1F442B11E}
	EndGlobalSection
EndGlobal
