
Microsoft Visual Studio Solution File, Format Version 12.00
# Visual Studio Version 17
VisualStudioVersion = 17.14.36616.10
MinimumVisualStudioVersion = 10.0.40219.1
Project("{FAE04EC0-301F-11D3-BF4B-00C04F79EFBC}") = "Prob1", "Prob1\Prob1.csproj", "{18C116DD-84DE-4595-BE94-A15769071D62}"
EndProject
Project("{2150E333-8FDC-42A3-9474-1A3956D46DE8}") = "Solution Items", "Solution Items", "{8EC462FD-D22E-90A8-E5CE-7E832BA40C5D}"
EndProject
Project("{FAE04EC0-301F-11D3-BF4B-00C04F79EFBC}") = "Prob2", "Prob2\Prob2.csproj", "{7248D0B7-7397-40FD-976E-73A0B07DFF84}"
EndProject
Project("{FAE04EC0-301F-11D3-BF4B-00C04F79EFBC}") = "Prob3", "Prob3\Prob3.csproj", "{B9C6C5EE-1C57-4958-993C-96852144A4D2}"
EndProject
Project("{FAE04EC0-301F-11D3-BF4B-00C04F79EFBC}") = "Prob4", "Prob4\Prob4.csproj", "{897E1D8B-DC17-490D-B222-973AD882D74C}"
EndProject
Global
	GlobalSection(SolutionConfigurationPlatforms) = preSolution
		Debug|Any CPU = Debug|Any CPU
		Release|Any CPU = Release|Any CPU
	EndGlobalSection
	GlobalSection(ProjectConfigurationPlatforms) = postSolution
		{18C116DD-84DE-4595-BE94-A15769071D62}.Debug|Any CPU.ActiveCfg = Debug|Any CPU
		{18C116DD-84DE-4595-BE94-A15769071D62}.Debug|Any CPU.Build.0 = Debug|Any CPU
		{18C116DD-84DE-4595-BE94-A15769071D62}.Release|Any CPU.ActiveCfg = Release|Any CPU
		{18C116DD-84DE-4595-BE94-A15769071D62}.Release|Any CPU.Build.0 = Release|Any CPU
		{7248D0B7-7397-40FD-976E-73A0B07DFF84}.Debug|Any CPU.ActiveCfg = Debug|Any CPU
		{7248D0B7-7397-40FD-976E-73A0B07DFF84}.Debug|Any CPU.Build.0 = Debug|Any CPU
		{7248D0B7-7397-40FD-976E-73A0B07DFF84}.Release|Any CPU.ActiveCfg = Release|Any CPU
		{7248D0B7-7397-40FD-976E-73A0B07DFF84}.Release|Any CPU.Build.0 = Release|Any CPU
		{B9C6C5EE-1C57-4958-993C-96852144A4D2}.Debug|Any CPU.ActiveCfg = Debug|Any CPU
		{B9C6C5EE-1C57-4958-993C-96852144A4D2}.Debug|Any CPU.Build.0 = Debug|Any CPU
		{B9C6C5EE-1C57-4958-993C-96852144A4D2}.Release|Any CPU.ActiveCfg = Release|Any CPU
		{B9C6C5EE-1C57-4958-993C-96852144A4D2}.Release|Any CPU.Build.0 = Release|Any CPU
		{897E1D8B-DC17-490D-B222-973AD882D74C}.Debug|Any CPU.ActiveCfg = Debug|Any CPU
		{897E1D8B-DC17-490D-B222-973AD882D74C}.Debug|Any CPU.Build.0 = Debug|Any CPU
		{897E1D8B-DC17-490D-B222-973AD882D74C}.Release|Any CPU.ActiveCfg = Release|Any CPU
		{897E1D8B-DC17-490D-B222-973AD882D74C}.Release|Any CPU.Build.0 = Release|Any CPU
	EndGlobalSection
	GlobalSection(SolutionProperties) = preSolution
		HideSolutionNode = FALSE
	EndGlobalSection
	GlobalSection(ExtensibilityGlobals) = postSolution
		SolutionGuid = {ED56D9FD-1758-49BD-AB46-09D57E716B6E}
	EndGlobalSection
EndGlobal
