
Microsoft Visual Studio Solution File, Format Version 12.00
# Visual Studio Version 17
VisualStudioVersion = 17.14.36429.23 d17.14
MinimumVisualStudioVersion = 10.0.40219.1
Project("{FAE04EC0-301F-11D3-BF4B-00C04F79EFBC}") = "FlashCard", "FlashCard\FlashCard.csproj", "{62A875A0-07A6-4376-87E5-8B37A643B697}"
EndProject
Global
	GlobalSection(SolutionConfigurationPlatforms) = preSolution
		Debug|Any CPU = Debug|Any CPU
		Release|Any CPU = Release|Any CPU
	EndGlobalSection
	GlobalSection(ProjectConfigurationPlatforms) = postSolution
		{62A875A0-07A6-4376-87E5-8B37A643B697}.Debug|Any CPU.ActiveCfg = Debug|Any CPU
		{62A875A0-07A6-4376-87E5-8B37A643B697}.Debug|Any CPU.Build.0 = Debug|Any CPU
		{62A875A0-07A6-4376-87E5-8B37A643B697}.Release|Any CPU.ActiveCfg = Release|Any CPU
		{62A875A0-07A6-4376-87E5-8B37A643B697}.Release|Any CPU.Build.0 = Release|Any CPU
	EndGlobalSection
	GlobalSection(SolutionProperties) = preSolution
		HideSolutionNode = FALSE
	EndGlobalSection
	GlobalSection(ExtensibilityGlobals) = postSolution
		SolutionGuid = {029CD8D4-D7EF-4450-86CD-6EF2EC86FB6C}
	EndGlobalSection
EndGlobal
